// !$*UTF8*$!
{
	archiveVersion = 1;
	classes = {
	};
	objectVersion = 50;
	objects = {

/* Begin PBXBuildFile section */
		4C633599230CEEEA008EA141 /* main.m in Sources */ = {isa = PBXBuildFile; fileRef = 4C633598230CEEEA008EA141 /* main.m */; };
		4C6335CC230CF016008EA141 /* Assets.xcassets in Resources */ = {isa = PBXBuildFile; fileRef = 4C6335BF230CF016008EA141 /* Assets.xcassets */; };
		4C6335CE230CF016008EA141 /* Main.storyboard in Resources */ = {isa = PBXBuildFile; fileRef = 4C6335C2230CF016008EA141 /* Main.storyboard */; };
		4C6335D0230CF016008EA141 /* FLCustomNavigationController.swift in Sources */ = {isa = PBXBuildFile; fileRef = 4C6335C6230CF016008EA141 /* FLCustomNavigationController.swift */; };
		4C6335D1230CF016008EA141 /* FLNavigationBarViewController.swift in Sources */ = {isa = PBXBuildFile; fileRef = 4C6335C7230CF016008EA141 /* FLNavigationBarViewController.swift */; };
		4C6335D2230CF016008EA141 /* AppDelegate.m in Sources */ = {isa = PBXBuildFile; fileRef = 4C6335C8230CF016008EA141 /* AppDelegate.m */; };
		4C6335F0230D090B008EA141 /* timg.jpg in Resources */ = {isa = PBXBuildFile; fileRef = 4C6335EF230D090A008EA141 /* timg.jpg */; };
		4C6335F3230D1ADD008EA141 /* LaunchScreen.storyboard in Resources */ = {isa = PBXBuildFile; fileRef = 4C6335F2230D1ADD008EA141 /* LaunchScreen.storyboard */; };
		4C8D5C61230E88A800451F9E /* UIScreen+FLAdd.m in Sources */ = {isa = PBXBuildFile; fileRef = 4C8D5C52230E88A800451F9E /* UIScreen+FLAdd.m */; };
		4C8D5C62230E88A800451F9E /* UIDevice+FLAdd.m in Sources */ = {isa = PBXBuildFile; fileRef = 4C8D5C53230E88A800451F9E /* UIDevice+FLAdd.m */; };
		4C8D5C63230E88A800451F9E /* FLAloneNavigationBar.m in Sources */ = {isa = PBXBuildFile; fileRef = 4C8D5C54230E88A800451F9E /* FLAloneNavigationBar.m */; };
		4C8D5C64230E88A800451F9E /* FLBaseNavigationController.m in Sources */ = {isa = PBXBuildFile; fileRef = 4C8D5C5A230E88A800451F9E /* FLBaseNavigationController.m */; };
		4C8D5C65230E88A800451F9E /* FLNavigationBar.m in Sources */ = {isa = PBXBuildFile; fileRef = 4C8D5C5C230E88A800451F9E /* FLNavigationBar.m */; };
		4C8D5C66230E88A800451F9E /* UINavigationItem+FLBar.m in Sources */ = {isa = PBXBuildFile; fileRef = 4C8D5C5E230E88A800451F9E /* UINavigationItem+FLBar.m */; };
		4C8D5C67230E88A800451F9E /* UIViewController+FLBar.m in Sources */ = {isa = PBXBuildFile; fileRef = 4C8D5C5F230E88A800451F9E /* UIViewController+FLBar.m */; };
/* End PBXBuildFile section */

/* Begin PBXFileReference section */
		4C633586230CEEE7008EA141 /* FLNavigationBar.app */ = {isa = PBXFileReference; explicitFileType = wrapper.application; includeInIndex = 0; path = FLNavigationBar.app; sourceTree = BUILT_PRODUCTS_DIR; };
		4C633597230CEEEA008EA141 /* Info.plist */ = {isa = PBXFileReference; lastKnownFileType = text.plist.xml; path = Info.plist; sourceTree = "<group>"; };
		4C633598230CEEEA008EA141 /* main.m */ = {isa = PBXFileReference; lastKnownFileType = sourcecode.c.objc; path = main.m; sourceTree = "<group>"; };
		4C6335BE230CF016008EA141 /* AppDelegate.h */ = {isa = PBXFileReference; fileEncoding = 4; lastKnownFileType = sourcecode.c.h; path = AppDelegate.h; sourceTree = "<group>"; };
		4C6335BF230CF016008EA141 /* Assets.xcassets */ = {isa = PBXFileReference; lastKnownFileType = folder.assetcatalog; path = Assets.xcassets; sourceTree = "<group>"; };
		4C6335C3230CF016008EA141 /* Base */ = {isa = PBXFileReference; lastKnownFileType = file.storyboard; name = Base; path = Base.lproj/Main.storyboard; sourceTree = "<group>"; };
		4C6335C6230CF016008EA141 /* FLCustomNavigationController.swift */ = {isa = PBXFileReference; fileEncoding = 4; lastKnownFileType = sourcecode.swift; path = FLCustomNavigationController.swift; sourceTree = "<group>"; };
		4C6335C7230CF016008EA141 /* FLNavigationBarViewController.swift */ = {isa = PBXFileReference; fileEncoding = 4; lastKnownFileType = sourcecode.swift; path = FLNavigationBarViewController.swift; sourceTree = "<group>"; };
		4C6335C8230CF016008EA141 /* AppDelegate.m */ = {isa = PBXFileReference; fileEncoding = 4; lastKnownFileType = sourcecode.c.objc; path = AppDelegate.m; sourceTree = "<group>"; };
		4C6335C9230CF016008EA141 /* FLBaseKit-Bridging-Header.h */ = {isa = PBXFileReference; fileEncoding = 4; lastKnownFileType = sourcecode.c.h; path = "FLBaseKit-Bridging-Header.h"; sourceTree = "<group>"; };
		4C6335EF230D090A008EA141 /* timg.jpg */ = {isa = PBXFileReference; lastKnownFileType = image.jpeg; path = timg.jpg; sourceTree = "<group>"; };
		4C6335F2230D1ADD008EA141 /* LaunchScreen.storyboard */ = {isa = PBXFileReference; fileEncoding = 4; lastKnownFileType = file.storyboard; path = LaunchScreen.storyboard; sourceTree = "<group>"; };
		4C8D5C4D230E88A800451F9E /* FLBaseNavigationController.h */ = {isa = PBXFileReference; fileEncoding = 4; lastKnownFileType = sourcecode.c.h; path = FLBaseNavigationController.h; sourceTree = "<group>"; };
		4C8D5C4E230E88A800451F9E /* UINavigationItem+FLBar.h */ = {isa = PBXFileReference; fileEncoding = 4; lastKnownFileType = sourcecode.c.h; path = "UINavigationItem+FLBar.h"; sourceTree = "<group>"; };
		4C8D5C4F230E88A800451F9E /* FLNavigationBarHeader.h */ = {isa = PBXFileReference; fileEncoding = 4; lastKnownFileType = sourcecode.c.h; path = FLNavigationBarHeader.h; sourceTree = "<group>"; };
		4C8D5C51230E88A800451F9E /* FLAloneNavigationBar.h */ = {isa = PBXFileReference; fileEncoding = 4; lastKnownFileType = sourcecode.c.h; path = FLAloneNavigationBar.h; sourceTree = "<group>"; };
		4C8D5C52230E88A800451F9E /* UIScreen+FLAdd.m */ = {isa = PBXFileReference; fileEncoding = 4; lastKnownFileType = sourcecode.c.objc; path = "UIScreen+FLAdd.m"; sourceTree = "<group>"; };
		4C8D5C53230E88A800451F9E /* UIDevice+FLAdd.m */ = {isa = PBXFileReference; fileEncoding = 4; lastKnownFileType = sourcecode.c.objc; path = "UIDevice+FLAdd.m"; sourceTree = "<group>"; };
		4C8D5C54230E88A800451F9E /* FLAloneNavigationBar.m */ = {isa = PBXFileReference; fileEncoding = 4; lastKnownFileType = sourcecode.c.objc; path = FLAloneNavigationBar.m; sourceTree = "<group>"; };
		4C8D5C55230E88A800451F9E /* UIDevice+FLAdd.h */ = {isa = PBXFileReference; fileEncoding = 4; lastKnownFileType = sourcecode.c.h; path = "UIDevice+FLAdd.h"; sourceTree = "<group>"; };
		4C8D5C56230E88A800451F9E /* UIScreen+FLAdd.h */ = {isa = PBXFileReference; fileEncoding = 4; lastKnownFileType = sourcecode.c.h; path = "UIScreen+FLAdd.h"; sourceTree = "<group>"; };
		4C8D5C57230E88A800451F9E /* FLNavigationPopDelegate.h */ = {isa = PBXFileReference; fileEncoding = 4; lastKnownFileType = sourcecode.c.h; path = FLNavigationPopDelegate.h; sourceTree = "<group>"; };
		4C8D5C58230E88A800451F9E /* UIViewController+FLBar.h */ = {isa = PBXFileReference; fileEncoding = 4; lastKnownFileType = sourcecode.c.h; path = "UIViewController+FLBar.h"; sourceTree = "<group>"; };
		4C8D5C59230E88A800451F9E /* FLNavigationBarPrivate.h */ = {isa = PBXFileReference; fileEncoding = 4; lastKnownFileType = sourcecode.c.h; path = FLNavigationBarPrivate.h; sourceTree = "<group>"; };
		4C8D5C5A230E88A800451F9E /* FLBaseNavigationController.m */ = {isa = PBXFileReference; fileEncoding = 4; lastKnownFileType = sourcecode.c.objc; path = FLBaseNavigationController.m; sourceTree = "<group>"; };
		4C8D5C5C230E88A800451F9E /* FLNavigationBar.m */ = {isa = PBXFileReference; fileEncoding = 4; lastKnownFileType = sourcecode.c.objc; path = FLNavigationBar.m; sourceTree = "<group>"; };
		4C8D5C5D230E88A800451F9E /* FLNavigationBar.h */ = {isa = PBXFileReference; fileEncoding = 4; lastKnownFileType = sourcecode.c.h; path = FLNavigationBar.h; sourceTree = "<group>"; };
		4C8D5C5E230E88A800451F9E /* UINavigationItem+FLBar.m */ = {isa = PBXFileReference; fileEncoding = 4; lastKnownFileType = sourcecode.c.objc; path = "UINavigationItem+FLBar.m"; sourceTree = "<group>"; };
		4C8D5C5F230E88A800451F9E /* UIViewController+FLBar.m */ = {isa = PBXFileReference; fileEncoding = 4; lastKnownFileType = sourcecode.c.objc; path = "UIViewController+FLBar.m"; sourceTree = "<group>"; };
		4C8D5C60230E88A800451F9E /* FLNavigationBarCommon.h */ = {isa = PBXFileReference; fileEncoding = 4; lastKnownFileType = sourcecode.c.h; path = FLNavigationBarCommon.h; sourceTree = "<group>"; };
/* End PBXFileReference section */

/* Begin PBXFrameworksBuildPhase section */
		4C633583230CEEE7008EA141 /* Frameworks */ = {
			isa = PBXFrameworksBuildPhase;
			buildActionMask = 2147483647;
			files = (
			);
			runOnlyForDeploymentPostprocessing = 0;
		};
/* End PBXFrameworksBuildPhase section */

/* Begin PBXGroup section */
		4C63357D230CEEE7008EA141 = {
			isa = PBXGroup;
			children = (
				4C8D5C4C230E88A800451F9E /* FLNavigationBar */,
				4C633588230CEEE7008EA141 /* FLNavigationBarExample */,
				4C633587230CEEE7008EA141 /* Products */,
			);
			sourceTree = "<group>";
		};
		4C633587230CEEE7008EA141 /* Products */ = {
			isa = PBXGroup;
			children = (
				4C633586230CEEE7008EA141 /* FLNavigationBar.app */,
			);
			name = Products;
			sourceTree = "<group>";
		};
		4C633588230CEEE7008EA141 /* FLNavigationBarExample */ = {
			isa = PBXGroup;
			children = (
				4C6335BE230CF016008EA141 /* AppDelegate.h */,
				4C6335C8230CF016008EA141 /* AppDelegate.m */,
				4C6335C9230CF016008EA141 /* FLBaseKit-Bridging-Header.h */,
				4C6335BF230CF016008EA141 /* Assets.xcassets */,
				4C6335BC230CF016008EA141 /* FLNavigationBarExample */,
				4C633597230CEEEA008EA141 /* Info.plist */,
				4C633598230CEEEA008EA141 /* main.m */,
			);
			path = FLNavigationBarExample;
			sourceTree = "<group>";
		};
		4C6335BC230CF016008EA141 /* FLNavigationBarExample */ = {
			isa = PBXGroup;
			children = (
				4C6335EF230D090A008EA141 /* timg.jpg */,
				4C6335F2230D1ADD008EA141 /* LaunchScreen.storyboard */,
				4C6335C2230CF016008EA141 /* Main.storyboard */,
				4C6335C6230CF016008EA141 /* FLCustomNavigationController.swift */,
				4C6335C7230CF016008EA141 /* FLNavigationBarViewController.swift */,
			);
			path = FLNavigationBarExample;
			sourceTree = "<group>";
		};
		4C8D5C4C230E88A800451F9E /* FLNavigationBar */ = {
			isa = PBXGroup;
			children = (
				4C8D5C4F230E88A800451F9E /* FLNavigationBarHeader.h */,
				4C8D5C59230E88A800451F9E /* FLNavigationBarPrivate.h */,
				4C8D5C57230E88A800451F9E /* FLNavigationPopDelegate.h */,
				4C8D5C60230E88A800451F9E /* FLNavigationBarCommon.h */,
				4C8D5C4D230E88A800451F9E /* FLBaseNavigationController.h */,
				4C8D5C5A230E88A800451F9E /* FLBaseNavigationController.m */,
				4C8D5C4E230E88A800451F9E /* UINavigationItem+FLBar.h */,
				4C8D5C5E230E88A800451F9E /* UINavigationItem+FLBar.m */,
				4C8D5C58230E88A800451F9E /* UIViewController+FLBar.h */,
				4C8D5C5F230E88A800451F9E /* UIViewController+FLBar.m */,
				4C8D5C5B230E88A800451F9E /* FLNavigationBar */,
				4C8D5C50230E88A800451F9E /* FLAloneNavigationBar */,
			);
			path = FLNavigationBar;
			sourceTree = SOURCE_ROOT;
		};
		4C8D5C50230E88A800451F9E /* FLAloneNavigationBar */ = {
			isa = PBXGroup;
			children = (
				4C8D5C51230E88A800451F9E /* FLAloneNavigationBar.h */,
				4C8D5C52230E88A800451F9E /* UIScreen+FLAdd.m */,
				4C8D5C53230E88A800451F9E /* UIDevice+FLAdd.m */,
				4C8D5C54230E88A800451F9E /* FLAloneNavigationBar.m */,
				4C8D5C55230E88A800451F9E /* UIDevice+FLAdd.h */,
				4C8D5C56230E88A800451F9E /* UIScreen+FLAdd.h */,
			);
			path = FLAloneNavigationBar;
			sourceTree = "<group>";
		};
		4C8D5C5B230E88A800451F9E /* FLNavigationBar */ = {
			isa = PBXGroup;
			children = (
				4C8D5C5D230E88A800451F9E /* FLNavigationBar.h */,
				4C8D5C5C230E88A800451F9E /* FLNavigationBar.m */,
			);
			path = FLNavigationBar;
			sourceTree = "<group>";
		};
/* End PBXGroup section */

/* Begin PBXNativeTarget section */
		4C633585230CEEE7008EA141 /* FLNavigationBar */ = {
			isa = PBXNativeTarget;
			buildConfigurationList = 4C63359C230CEEEA008EA141 /* Build configuration list for PBXNativeTarget "FLNavigationBar" */;
			buildPhases = (
				4C633582230CEEE7008EA141 /* Sources */,
				4C633583230CEEE7008EA141 /* Frameworks */,
				4C633584230CEEE7008EA141 /* Resources */,
			);
			buildRules = (
			);
			dependencies = (
			);
			name = FLNavigationBar;
			productName = FLNavigationBar;
			productReference = 4C633586230CEEE7008EA141 /* FLNavigationBar.app */;
			productType = "com.apple.product-type.application";
		};
/* End PBXNativeTarget section */

/* Begin PBXProject section */
		4C63357E230CEEE7008EA141 /* Project object */ = {
			isa = PBXProject;
			attributes = {
				LastUpgradeCheck = 1030;
				ORGANIZATIONNAME = "李永强";
				TargetAttributes = {
					4C633585230CEEE7008EA141 = {
						CreatedOnToolsVersion = 10.3;
					};
				};
			};
			buildConfigurationList = 4C633581230CEEE7008EA141 /* Build configuration list for PBXProject "FLNavigationBar" */;
			compatibilityVersion = "Xcode 9.3";
			developmentRegion = en;
			hasScannedForEncodings = 0;
			knownRegions = (
				en,
				Base,
			);
			mainGroup = 4C63357D230CEEE7008EA141;
			productRefGroup = 4C633587230CEEE7008EA141 /* Products */;
			projectDirPath = "";
			projectRoot = "";
			targets = (
				4C633585230CEEE7008EA141 /* FLNavigationBar */,
			);
		};
/* End PBXProject section */

/* Begin PBXResourcesBuildPhase section */
		4C633584230CEEE7008EA141 /* Resources */ = {
			isa = PBXResourcesBuildPhase;
			buildActionMask = 2147483647;
			files = (
				4C6335F0230D090B008EA141 /* timg.jpg in Resources */,
				4C6335CE230CF016008EA141 /* Main.storyboard in Resources */,
				4C6335CC230CF016008EA141 /* Assets.xcassets in Resources */,
				4C6335F3230D1ADD008EA141 /* LaunchScreen.storyboard in Resources */,
			);
			runOnlyForDeploymentPostprocessing = 0;
		};
/* End PBXResourcesBuildPhase section */

/* Begin PBXSourcesBuildPhase section */
		4C633582230CEEE7008EA141 /* Sources */ = {
			isa = PBXSourcesBuildPhase;
			buildActionMask = 2147483647;
			files = (
				4C8D5C64230E88A800451F9E /* FLBaseNavigationController.m in Sources */,
				4C633599230CEEEA008EA141 /* main.m in Sources */,
				4C8D5C65230E88A800451F9E /* FLNavigationBar.m in Sources */,
				4C6335D0230CF016008EA141 /* FLCustomNavigationController.swift in Sources */,
				4C8D5C66230E88A800451F9E /* UINavigationItem+FLBar.m in Sources */,
				4C6335D1230CF016008EA141 /* FLNavigationBarViewController.swift in Sources */,
				4C8D5C67230E88A800451F9E /* UIViewController+FLBar.m in Sources */,
				4C8D5C62230E88A800451F9E /* UIDevice+FLAdd.m in Sources */,
				4C8D5C63230E88A800451F9E /* FLAloneNavigationBar.m in Sources */,
				4C8D5C61230E88A800451F9E /* UIScreen+FLAdd.m in Sources */,
				4C6335D2230CF016008EA141 /* AppDelegate.m in Sources */,
			);
			runOnlyForDeploymentPostprocessing = 0;
		};
/* End PBXSourcesBuildPhase section */

/* Begin PBXVariantGroup section */
		4C6335C2230CF016008EA141 /* Main.storyboard */ = {
			isa = PBXVariantGroup;
			children = (
				4C6335C3230CF016008EA141 /* Base */,
			);
			name = Main.storyboard;
			sourceTree = "<group>";
		};
/* End PBXVariantGroup section */

/* Begin XCBuildConfiguration section */
		4C63359A230CEEEA008EA141 /* Debug */ = {
			isa = XCBuildConfiguration;
			buildSettings = {
				ALWAYS_SEARCH_USER_PATHS = NO;
				CLANG_ANALYZER_NONNULL = YES;
				CLANG_ANALYZER_NUMBER_OBJECT_CONVERSION = YES_AGGRESSIVE;
				CLANG_CXX_LANGUAGE_STANDARD = "gnu++14";
				CLANG_CXX_LIBRARY = "libc++";
				CLANG_ENABLE_MODULES = YES;
				CLANG_ENABLE_OBJC_ARC = YES;
				CLANG_ENABLE_OBJC_WEAK = YES;
				CLANG_WARN_BLOCK_CAPTURE_AUTORELEASING = YES;
				CLANG_WARN_BOOL_CONVERSION = YES;
				CLANG_WARN_COMMA = YES;
				CLANG_WARN_CONSTANT_CONVERSION = YES;
				CLANG_WARN_DEPRECATED_OBJC_IMPLEMENTATIONS = YES;
				CLANG_WARN_DIRECT_OBJC_ISA_USAGE = YES_ERROR;
				CLANG_WARN_DOCUMENTATION_COMMENTS = YES;
				CLANG_WARN_EMPTY_BODY = YES;
				CLANG_WARN_ENUM_CONVERSION = YES;
				CLANG_WARN_INFINITE_RECURSION = YES;
				CLANG_WARN_INT_CONVERSION = YES;
				CLANG_WARN_NON_LITERAL_NULL_CONVERSION = YES;
				CLANG_WARN_OBJC_IMPLICIT_RETAIN_SELF = YES;
				CLANG_WARN_OBJC_LITERAL_CONVERSION = YES;
				CLANG_WARN_OBJC_ROOT_CLASS = YES_ERROR;
				CLANG_WARN_RANGE_LOOP_ANALYSIS = YES;
				CLANG_WARN_STRICT_PROTOTYPES = YES;
				CLANG_WARN_SUSPICIOUS_MOVE = YES;
				CLANG_WARN_UNGUARDED_AVAILABILITY = YES_AGGRESSIVE;
				CLANG_WARN_UNREACHABLE_CODE = YES;
				CLANG_WARN__DUPLICATE_METHOD_MATCH = YES;
				CODE_SIGN_IDENTITY = "iPhone Developer";
				COPY_PHASE_STRIP = NO;
				DEBUG_INFORMATION_FORMAT = dwarf;
				ENABLE_STRICT_OBJC_MSGSEND = YES;
				ENABLE_TESTABILITY = YES;
				GCC_C_LANGUAGE_STANDARD = gnu11;
				GCC_DYNAMIC_NO_PIC = NO;
				GCC_NO_COMMON_BLOCKS = YES;
				GCC_OPTIMIZATION_LEVEL = 0;
				GCC_PREPROCESSOR_DEFINITIONS = (
					"DEBUG=1",
					"$(inherited)",
				);
				GCC_WARN_64_TO_32_BIT_CONVERSION = YES;
				GCC_WARN_ABOUT_RETURN_TYPE = YES_ERROR;
				GCC_WARN_UNDECLARED_SELECTOR = YES;
				GCC_WARN_UNINITIALIZED_AUTOS = YES_AGGRESSIVE;
				GCC_WARN_UNUSED_FUNCTION = YES;
				GCC_WARN_UNUSED_VARIABLE = YES;
				IPHONEOS_DEPLOYMENT_TARGET = 12.4;
				MTL_ENABLE_DEBUG_INFO = INCLUDE_SOURCE;
				MTL_FAST_MATH = YES;
				ONLY_ACTIVE_ARCH = YES;
				SDKROOT = iphoneos;
			};
			name = Debug;
		};
		4C63359B230CEEEA008EA141 /* Release */ = {
			isa = XCBuildConfiguration;
			buildSettings = {
				ALWAYS_SEARCH_USER_PATHS = NO;
				CLANG_ANALYZER_NONNULL = YES;
				CLANG_ANALYZER_NUMBER_OBJECT_CONVERSION = YES_AGGRESSIVE;
				CLANG_CXX_LANGUAGE_STANDARD = "gnu++14";
				CLANG_CXX_LIBRARY = "libc++";
				CLANG_ENABLE_MODULES = YES;
				CLANG_ENABLE_OBJC_ARC = YES;
				CLANG_ENABLE_OBJC_WEAK = YES;
				CLANG_WARN_BLOCK_CAPTURE_AUTORELEASING = YES;
				CLANG_WARN_BOOL_CONVERSION = YES;
				CLANG_WARN_COMMA = YES;
				CLANG_WARN_CONSTANT_CONVERSION = YES;
				CLANG_WARN_DEPRECATED_OBJC_IMPLEMENTATIONS = YES;
				CLANG_WARN_DIRECT_OBJC_ISA_USAGE = YES_ERROR;
				CLANG_WARN_DOCUMENTATION_COMMENTS = YES;
				CLANG_WARN_EMPTY_BODY = YES;
				CLANG_WARN_ENUM_CONVERSION = YES;
				CLANG_WARN_INFINITE_RECURSION = YES;
				CLANG_WARN_INT_CONVERSION = YES;
				CLANG_WARN_NON_LITERAL_NULL_CONVERSION = YES;
				CLANG_WARN_OBJC_IMPLICIT_RETAIN_SELF = YES;
				CLANG_WARN_OBJC_LITERAL_CONVERSION = YES;
				CLANG_WARN_OBJC_ROOT_CLASS = YES_ERROR;
				CLANG_WARN_RANGE_LOOP_ANALYSIS = YES;
				CLANG_WARN_STRICT_PROTOTYPES = YES;
				CLANG_WARN_SUSPICIOUS_MOVE = YES;
				CLANG_WARN_UNGUARDED_AVAILABILITY = YES_AGGRESSIVE;
				CLANG_WARN_UNREACHABLE_CODE = YES;
				CLANG_WARN__DUPLICATE_METHOD_MATCH = YES;
				CODE_SIGN_IDENTITY = "iPhone Developer";
				COPY_PHASE_STRIP = NO;
				DEBUG_INFORMATION_FORMAT = "dwarf-with-dsym";
				ENABLE_NS_ASSERTIONS = NO;
				ENABLE_STRICT_OBJC_MSGSEND = YES;
				GCC_C_LANGUAGE_STANDARD = gnu11;
				GCC_NO_COMMON_BLOCKS = YES;
				GCC_WARN_64_TO_32_BIT_CONVERSION = YES;
				GCC_WARN_ABOUT_RETURN_TYPE = YES_ERROR;
				GCC_WARN_UNDECLARED_SELECTOR = YES;
				GCC_WARN_UNINITIALIZED_AUTOS = YES_AGGRESSIVE;
				GCC_WARN_UNUSED_FUNCTION = YES;
				GCC_WARN_UNUSED_VARIABLE = YES;
				IPHONEOS_DEPLOYMENT_TARGET = 12.4;
				MTL_ENABLE_DEBUG_INFO = NO;
				MTL_FAST_MATH = YES;
				SDKROOT = iphoneos;
				VALIDATE_PRODUCT = YES;
			};
			name = Release;
		};
		4C63359D230CEEEA008EA141 /* Debug */ = {
			isa = XCBuildConfiguration;
			buildSettings = {
				ASSETCATALOG_COMPILER_APPICON_NAME = AppIcon;
				CODE_SIGN_IDENTITY = "iPhone Developer";
				CODE_SIGN_STYLE = Automatic;
				DEVELOPMENT_TEAM = D24A64J5VZ;
				INFOPLIST_FILE = FLNavigationBarExample/Info.plist;
				IPHONEOS_DEPLOYMENT_TARGET = 8.0;
				LD_RUNPATH_SEARCH_PATHS = (
					"$(inherited)",
					"@executable_path/Frameworks",
				);
				PRODUCT_BUNDLE_IDENTIFIER = com.soyoung.FLNavigationBar;
				PRODUCT_NAME = "$(TARGET_NAME)";
				PROVISIONING_PROFILE_SPECIFIER = "";
				SWIFT_OBJC_BRIDGING_HEADER = "FLNavigationBarExample/FLBaseKit-Bridging-Header.h";
				SWIFT_VERSION = 5.0;
				TARGETED_DEVICE_FAMILY = "1,2";
			};
			name = Debug;
		};
		4C63359E230CEEEA008EA141 /* Release */ = {
			isa = XCBuildConfiguration;
			buildSettings = {
				ASSETCATALOG_COMPILER_APPICON_NAME = AppIcon;
				CODE_SIGN_IDENTITY = "iPhone Developer";
				CODE_SIGN_STYLE = Automatic;
				DEVELOPMENT_TEAM = D24A64J5VZ;
				INFOPLIST_FILE = FLNavigationBarExample/Info.plist;
				IPHONEOS_DEPLOYMENT_TARGET = 8.0;
				LD_RUNPATH_SEARCH_PATHS = (
					"$(inherited)",
					"@executable_path/Frameworks",
				);
				PRODUCT_BUNDLE_IDENTIFIER = com.soyoung.FLNavigationBar;
				PRODUCT_NAME = "$(TARGET_NAME)";
				PROVISIONING_PROFILE_SPECIFIER = "";
				SWIFT_OBJC_BRIDGING_HEADER = "FLNavigationBarExample/FLBaseKit-Bridging-Header.h";
				SWIFT_VERSION = 5.0;
				TARGETED_DEVICE_FAMILY = "1,2";
			};
			name = Release;
		};
/* End XCBuildConfiguration section */

/* Begin XCConfigurationList section */
		4C633581230CEEE7008EA141 /* Build configuration list for PBXProject "FLNavigationBar" */ = {
			isa = XCConfigurationList;
			buildConfigurations = (
				4C63359A230CEEEA008EA141 /* Debug */,
				4C63359B230CEEEA008EA141 /* Release */,
			);
			defaultConfigurationIsVisible = 0;
			defaultConfigurationName = Release;
		};
		4C63359C230CEEEA008EA141 /* Build configuration list for PBXNativeTarget "FLNavigationBar" */ = {
			isa = XCConfigurationList;
			buildConfigurations = (
				4C63359D230CEEEA008EA141 /* Debug */,
				4C63359E230CEEEA008EA141 /* Release */,
			);
			defaultConfigurationIsVisible = 0;
			defaultConfigurationName = Release;
		};
/* End XCConfigurationList section */
	};
	rootObject = 4C63357E230CEEE7008EA141 /* Project object */;
}
